
Microsoft Visual Studio Solution File, Format Version 12.00
# Visual Studio 15
VisualStudioVersion = 15.0.27428.2027
MinimumVisualStudioVersion = 10.0.40219.1
Project("{8BC9CEB8-8B4A-11D0-8D11-00A0C91BC942}") = "CdoitAlgoritm(Quiz2_1_minof).c", "CdoitAlgoritm(Quiz2_1_minof).c\CdoitAlgoritm(Quiz2_1_minof).c.vcxproj", "{B06AD5FE-A6F0-44EE-8777-DDEB528E7D54}"
EndProject
Global
	GlobalSection(SolutionConfigurationPlatforms) = preSolution
		Debug|x64 = Debug|x64
		Debug|x86 = Debug|x86
		Release|x64 = Release|x64
		Release|x86 = Release|x86
	EndGlobalSection
	GlobalSection(ProjectConfigurationPlatforms) = postSolution
		{B06AD5FE-A6F0-44EE-8777-DDEB528E7D54}.Debug|x64.ActiveCfg = Debug|x64
		{B06AD5FE-A6F0-44EE-8777-DDEB528E7D54}.Debug|x64.Build.0 = Debug|x64
		{B06AD5FE-A6F0-44EE-8777-DDEB528E7D54}.Debug|x86.ActiveCfg = Debug|Win32
		{B06AD5FE-A6F0-44EE-8777-DDEB528E7D54}.Debug|x86.Build.0 = Debug|Win32
		{B06AD5FE-A6F0-44EE-8777-DDEB528E7D54}.Release|x64.ActiveCfg = Release|x64
		{B06AD5FE-A6F0-44EE-8777-DDEB528E7D54}.Release|x64.Build.0 = Release|x64
		{B06AD5FE-A6F0-44EE-8777-DDEB528E7D54}.Release|x86.ActiveCfg = Release|Win32
		{B06AD5FE-A6F0-44EE-8777-DDEB528E7D54}.Release|x86.Build.0 = Release|Win32
	EndGlobalSection
	GlobalSection(SolutionProperties) = preSolution
		HideSolutionNode = FALSE
	EndGlobalSection
	GlobalSection(ExtensibilityGlobals) = postSolution
		SolutionGuid = {BB7521A4-7D41-43C6-AAD9-48045DF809B0}
	EndGlobalSection
EndGlobal
